
Microsoft Visual Studio Solution File, Format Version 12.00
# Visual Studio Version 16
VisualStudioVersion = 16.0.31702.278
MinimumVisualStudioVersion = 10.0.40219.1
Project("{FAE04EC0-301F-11D3-BF4B-00C04F79EFBC}") = "Castle", "Castle.csproj", "{9C32E0AC-4C95-43DB-870C-EA5477D23C49}"
EndProject
Project("{FAE04EC0-301F-11D3-BF4B-00C04F79EFBC}") = "CastleLib", "..\CastleLib\CastleLib.csproj", "{B51A607D-E30B-4242-BD4C-DD5B0E033747}"
EndProject
Global
	GlobalSection(SolutionConfigurationPlatforms) = preSolution
		Debug|Any CPU = Debug|Any CPU
		Release|Any CPU = Release|Any CPU
	EndGlobalSection
	GlobalSection(ProjectConfigurationPlatforms) = postSolution
		{9C32E0AC-4C95-43DB-870C-EA5477D23C49}.Debug|Any CPU.ActiveCfg = Debug|Any CPU
		{9C32E0AC-4C95-43DB-870C-EA5477D23C49}.Debug|Any CPU.Build.0 = Debug|Any CPU
		{9C32E0AC-4C95-43DB-870C-EA5477D23C49}.Release|Any CPU.ActiveCfg = Release|Any CPU
		{9C32E0AC-4C95-43DB-870C-EA5477D23C49}.Release|Any CPU.Build.0 = Release|Any CPU
		{B51A607D-E30B-4242-BD4C-DD5B0E033747}.Debug|Any CPU.ActiveCfg = Debug|Any CPU
		{B51A607D-E30B-4242-BD4C-DD5B0E033747}.Debug|Any CPU.Build.0 = Debug|Any CPU
		{B51A607D-E30B-4242-BD4C-DD5B0E033747}.Release|Any CPU.ActiveCfg = Release|Any CPU
		{B51A607D-E30B-4242-BD4C-DD5B0E033747}.Release|Any CPU.Build.0 = Release|Any CPU
	EndGlobalSection
	GlobalSection(SolutionProperties) = preSolution
		HideSolutionNode = FALSE
	EndGlobalSection
	GlobalSection(ExtensibilityGlobals) = postSolution
		SolutionGuid = {6F828360-1FBF-4876-99A9-48A56C7FCB31}
	EndGlobalSection
EndGlobal
