
Microsoft Visual Studio Solution File, Format Version 12.00
# Visual Studio Version 17
VisualStudioVersion = 17.0.31919.166
MinimumVisualStudioVersion = 10.0.40219.1
Project("{FAE04EC0-301F-11D3-BF4B-00C04F79EFBC}") = "City6", "City6.csproj", "{72B9CCFE-025A-4DAF-A3AA-541C025E2AA7}"
EndProject
Project("{FAE04EC0-301F-11D3-BF4B-00C04F79EFBC}") = "CityLib", "..\CityLib\CityLib.csproj", "{69463A85-717C-49AF-8337-7EC32377C75E}"
EndProject
Global
	GlobalSection(SolutionConfigurationPlatforms) = preSolution
		Debug|Any CPU = Debug|Any CPU
		Release|Any CPU = Release|Any CPU
	EndGlobalSection
	GlobalSection(ProjectConfigurationPlatforms) = postSolution
		{72B9CCFE-025A-4DAF-A3AA-541C025E2AA7}.Debug|Any CPU.ActiveCfg = Debug|Any CPU
		{72B9CCFE-025A-4DAF-A3AA-541C025E2AA7}.Debug|Any CPU.Build.0 = Debug|Any CPU
		{72B9CCFE-025A-4DAF-A3AA-541C025E2AA7}.Release|Any CPU.ActiveCfg = Release|Any CPU
		{72B9CCFE-025A-4DAF-A3AA-541C025E2AA7}.Release|Any CPU.Build.0 = Release|Any CPU
		{69463A85-717C-49AF-8337-7EC32377C75E}.Debug|Any CPU.ActiveCfg = Debug|Any CPU
		{69463A85-717C-49AF-8337-7EC32377C75E}.Debug|Any CPU.Build.0 = Debug|Any CPU
		{69463A85-717C-49AF-8337-7EC32377C75E}.Release|Any CPU.ActiveCfg = Release|Any CPU
		{69463A85-717C-49AF-8337-7EC32377C75E}.Release|Any CPU.Build.0 = Release|Any CPU
	EndGlobalSection
	GlobalSection(SolutionProperties) = preSolution
		HideSolutionNode = FALSE
	EndGlobalSection
	GlobalSection(ExtensibilityGlobals) = postSolution
		SolutionGuid = {C3A67906-F76F-4F5B-B3A2-A43448F58155}
	EndGlobalSection
EndGlobal
