
Microsoft Visual Studio Solution File, Format Version 12.00
# Visual Studio Version 17
VisualStudioVersion = 17.0.31919.166
MinimumVisualStudioVersion = 10.0.40219.1
Project("{FAE04EC0-301F-11D3-BF4B-00C04F79EFBC}") = "lab47_5", "lab47_5.csproj", "{53C1B27F-37C9-42AF-9C6E-7E6CEF823FBC}"
EndProject
Project("{FAE04EC0-301F-11D3-BF4B-00C04F79EFBC}") = "lab47dll", "..\lab47dll\lab47dll.csproj", "{6F1F69FE-9414-4D2B-BFA3-630977083F54}"
EndProject
Global
	GlobalSection(SolutionConfigurationPlatforms) = preSolution
		Debug|Any CPU = Debug|Any CPU
		Release|Any CPU = Release|Any CPU
	EndGlobalSection
	GlobalSection(ProjectConfigurationPlatforms) = postSolution
		{53C1B27F-37C9-42AF-9C6E-7E6CEF823FBC}.Debug|Any CPU.ActiveCfg = Debug|Any CPU
		{53C1B27F-37C9-42AF-9C6E-7E6CEF823FBC}.Debug|Any CPU.Build.0 = Debug|Any CPU
		{53C1B27F-37C9-42AF-9C6E-7E6CEF823FBC}.Release|Any CPU.ActiveCfg = Release|Any CPU
		{53C1B27F-37C9-42AF-9C6E-7E6CEF823FBC}.Release|Any CPU.Build.0 = Release|Any CPU
		{6F1F69FE-9414-4D2B-BFA3-630977083F54}.Debug|Any CPU.ActiveCfg = Debug|Any CPU
		{6F1F69FE-9414-4D2B-BFA3-630977083F54}.Debug|Any CPU.Build.0 = Debug|Any CPU
		{6F1F69FE-9414-4D2B-BFA3-630977083F54}.Release|Any CPU.ActiveCfg = Release|Any CPU
		{6F1F69FE-9414-4D2B-BFA3-630977083F54}.Release|Any CPU.Build.0 = Release|Any CPU
	EndGlobalSection
	GlobalSection(SolutionProperties) = preSolution
		HideSolutionNode = FALSE
	EndGlobalSection
	GlobalSection(ExtensibilityGlobals) = postSolution
		SolutionGuid = {D09F9D1B-A430-4672-9DEE-76419046253F}
	EndGlobalSection
EndGlobal
