
Microsoft Visual Studio Solution File, Format Version 12.00
# Visual Studio Version 17
VisualStudioVersion = 17.0.31919.166
MinimumVisualStudioVersion = 10.0.40219.1
Project("{FAE04EC0-301F-11D3-BF4B-00C04F79EFBC}") = "lab47_4", "lab47_4.csproj", "{0AFE2884-B881-474C-BADA-1EA9D5CE8AF2}"
EndProject
Project("{FAE04EC0-301F-11D3-BF4B-00C04F79EFBC}") = "lab47dll", "..\lab47dll\lab47dll.csproj", "{6F1F69FE-9414-4D2B-BFA3-630977083F54}"
EndProject
Global
	GlobalSection(SolutionConfigurationPlatforms) = preSolution
		Debug|Any CPU = Debug|Any CPU
		Release|Any CPU = Release|Any CPU
	EndGlobalSection
	GlobalSection(ProjectConfigurationPlatforms) = postSolution
		{0AFE2884-B881-474C-BADA-1EA9D5CE8AF2}.Debug|Any CPU.ActiveCfg = Debug|Any CPU
		{0AFE2884-B881-474C-BADA-1EA9D5CE8AF2}.Debug|Any CPU.Build.0 = Debug|Any CPU
		{0AFE2884-B881-474C-BADA-1EA9D5CE8AF2}.Release|Any CPU.ActiveCfg = Release|Any CPU
		{0AFE2884-B881-474C-BADA-1EA9D5CE8AF2}.Release|Any CPU.Build.0 = Release|Any CPU
		{6F1F69FE-9414-4D2B-BFA3-630977083F54}.Debug|Any CPU.ActiveCfg = Debug|Any CPU
		{6F1F69FE-9414-4D2B-BFA3-630977083F54}.Debug|Any CPU.Build.0 = Debug|Any CPU
		{6F1F69FE-9414-4D2B-BFA3-630977083F54}.Release|Any CPU.ActiveCfg = Release|Any CPU
		{6F1F69FE-9414-4D2B-BFA3-630977083F54}.Release|Any CPU.Build.0 = Release|Any CPU
	EndGlobalSection
	GlobalSection(SolutionProperties) = preSolution
		HideSolutionNode = FALSE
	EndGlobalSection
	GlobalSection(ExtensibilityGlobals) = postSolution
		SolutionGuid = {C27FB580-B41E-44D7-9124-52231025EFA6}
	EndGlobalSection
EndGlobal
