
Microsoft Visual Studio Solution File, Format Version 12.00
# Visual Studio Version 16
VisualStudioVersion = 16.0.32002.261
MinimumVisualStudioVersion = 10.0.40219.1
Project("{FAE04EC0-301F-11D3-BF4B-00C04F79EFBC}") = "lab6_6", "lab6_6.csproj", "{F2FB3F77-F12C-4A74-A0A5-D77286F30E31}"
EndProject
Project("{FAE04EC0-301F-11D3-BF4B-00C04F79EFBC}") = "lab6dll", "..\lab6dll\lab6dll.csproj", "{536AEE0B-F73D-4B43-B2C3-BACCD4E1BBD3}"
EndProject
Global
	GlobalSection(SolutionConfigurationPlatforms) = preSolution
		Debug|Any CPU = Debug|Any CPU
		Release|Any CPU = Release|Any CPU
	EndGlobalSection
	GlobalSection(ProjectConfigurationPlatforms) = postSolution
		{F2FB3F77-F12C-4A74-A0A5-D77286F30E31}.Debug|Any CPU.ActiveCfg = Debug|Any CPU
		{F2FB3F77-F12C-4A74-A0A5-D77286F30E31}.Debug|Any CPU.Build.0 = Debug|Any CPU
		{F2FB3F77-F12C-4A74-A0A5-D77286F30E31}.Release|Any CPU.ActiveCfg = Release|Any CPU
		{F2FB3F77-F12C-4A74-A0A5-D77286F30E31}.Release|Any CPU.Build.0 = Release|Any CPU
		{536AEE0B-F73D-4B43-B2C3-BACCD4E1BBD3}.Debug|Any CPU.ActiveCfg = Debug|Any CPU
		{536AEE0B-F73D-4B43-B2C3-BACCD4E1BBD3}.Debug|Any CPU.Build.0 = Debug|Any CPU
		{536AEE0B-F73D-4B43-B2C3-BACCD4E1BBD3}.Release|Any CPU.ActiveCfg = Release|Any CPU
		{536AEE0B-F73D-4B43-B2C3-BACCD4E1BBD3}.Release|Any CPU.Build.0 = Release|Any CPU
	EndGlobalSection
	GlobalSection(SolutionProperties) = preSolution
		HideSolutionNode = FALSE
	EndGlobalSection
	GlobalSection(ExtensibilityGlobals) = postSolution
		SolutionGuid = {3C2F641A-D6D9-4D06-915F-35621A230050}
	EndGlobalSection
EndGlobal
