
Microsoft Visual Studio Solution File, Format Version 12.00
# Visual Studio Version 16
VisualStudioVersion = 16.0.32106.194
MinimumVisualStudioVersion = 10.0.40219.1
Project("{FAE04EC0-301F-11D3-BF4B-00C04F79EFBC}") = "lab8", "lab8.csproj", "{4970C0F7-BBF1-4718-BCC3-6D56B5111A1C}"
EndProject
Project("{FAE04EC0-301F-11D3-BF4B-00C04F79EFBC}") = "maze", "..\maze\maze.csproj", "{8216BD07-D93A-4ECD-AE2B-1297F015FE94}"
EndProject
Global
	GlobalSection(SolutionConfigurationPlatforms) = preSolution
		Debug|Any CPU = Debug|Any CPU
		Release|Any CPU = Release|Any CPU
	EndGlobalSection
	GlobalSection(ProjectConfigurationPlatforms) = postSolution
		{4970C0F7-BBF1-4718-BCC3-6D56B5111A1C}.Debug|Any CPU.ActiveCfg = Debug|Any CPU
		{4970C0F7-BBF1-4718-BCC3-6D56B5111A1C}.Debug|Any CPU.Build.0 = Debug|Any CPU
		{4970C0F7-BBF1-4718-BCC3-6D56B5111A1C}.Release|Any CPU.ActiveCfg = Release|Any CPU
		{4970C0F7-BBF1-4718-BCC3-6D56B5111A1C}.Release|Any CPU.Build.0 = Release|Any CPU
		{8216BD07-D93A-4ECD-AE2B-1297F015FE94}.Debug|Any CPU.ActiveCfg = Debug|Any CPU
		{8216BD07-D93A-4ECD-AE2B-1297F015FE94}.Debug|Any CPU.Build.0 = Debug|Any CPU
		{8216BD07-D93A-4ECD-AE2B-1297F015FE94}.Release|Any CPU.ActiveCfg = Release|Any CPU
		{8216BD07-D93A-4ECD-AE2B-1297F015FE94}.Release|Any CPU.Build.0 = Release|Any CPU
	EndGlobalSection
	GlobalSection(SolutionProperties) = preSolution
		HideSolutionNode = FALSE
	EndGlobalSection
	GlobalSection(ExtensibilityGlobals) = postSolution
		SolutionGuid = {A48D96BC-263F-4CB8-9BA4-A633A920A17F}
	EndGlobalSection
EndGlobal
