
Microsoft Visual Studio Solution File, Format Version 12.00
# Visual Studio Version 16
VisualStudioVersion = 16.0.32002.261
MinimumVisualStudioVersion = 10.0.40219.1
Project("{FAE04EC0-301F-11D3-BF4B-00C04F79EFBC}") = "lab4", "lab4.csproj", "{65DC405B-4927-4970-9134-3A9AAA9EF663}"
EndProject
Project("{FAE04EC0-301F-11D3-BF4B-00C04F79EFBC}") = "org_dll", "..\dll\org_dll.csproj", "{41A68232-DB05-46CF-8E36-A1F865C95745}"
EndProject
Global
	GlobalSection(SolutionConfigurationPlatforms) = preSolution
		Debug|Any CPU = Debug|Any CPU
		Release|Any CPU = Release|Any CPU
	EndGlobalSection
	GlobalSection(ProjectConfigurationPlatforms) = postSolution
		{65DC405B-4927-4970-9134-3A9AAA9EF663}.Debug|Any CPU.ActiveCfg = Debug|Any CPU
		{65DC405B-4927-4970-9134-3A9AAA9EF663}.Debug|Any CPU.Build.0 = Debug|Any CPU
		{65DC405B-4927-4970-9134-3A9AAA9EF663}.Release|Any CPU.ActiveCfg = Release|Any CPU
		{65DC405B-4927-4970-9134-3A9AAA9EF663}.Release|Any CPU.Build.0 = Release|Any CPU
		{41A68232-DB05-46CF-8E36-A1F865C95745}.Debug|Any CPU.ActiveCfg = Debug|Any CPU
		{41A68232-DB05-46CF-8E36-A1F865C95745}.Debug|Any CPU.Build.0 = Debug|Any CPU
		{41A68232-DB05-46CF-8E36-A1F865C95745}.Release|Any CPU.ActiveCfg = Release|Any CPU
		{41A68232-DB05-46CF-8E36-A1F865C95745}.Release|Any CPU.Build.0 = Release|Any CPU
	EndGlobalSection
	GlobalSection(SolutionProperties) = preSolution
		HideSolutionNode = FALSE
	EndGlobalSection
	GlobalSection(ExtensibilityGlobals) = postSolution
		SolutionGuid = {AC2C7242-4478-4089-BF7F-3FF99F304C39}
	EndGlobalSection
EndGlobal
