
Microsoft Visual Studio Solution File, Format Version 12.00
# Visual Studio Version 16
VisualStudioVersion = 16.0.31911.196
MinimumVisualStudioVersion = 10.0.40219.1
Project("{FAE04EC0-301F-11D3-BF4B-00C04F79EFBC}") = "lab37_6", "lab37_6.csproj", "{7B910C68-26EA-49B2-8FCC-A21DA50DE055}"
EndProject
Project("{FAE04EC0-301F-11D3-BF4B-00C04F79EFBC}") = "lib", "..\lib\lib.csproj", "{CD2288C2-A64F-4E89-91C2-9AD5C3CED37B}"
EndProject
Global
	GlobalSection(SolutionConfigurationPlatforms) = preSolution
		Debug|Any CPU = Debug|Any CPU
		Release|Any CPU = Release|Any CPU
	EndGlobalSection
	GlobalSection(ProjectConfigurationPlatforms) = postSolution
		{7B910C68-26EA-49B2-8FCC-A21DA50DE055}.Debug|Any CPU.ActiveCfg = Debug|Any CPU
		{7B910C68-26EA-49B2-8FCC-A21DA50DE055}.Debug|Any CPU.Build.0 = Debug|Any CPU
		{7B910C68-26EA-49B2-8FCC-A21DA50DE055}.Release|Any CPU.ActiveCfg = Release|Any CPU
		{7B910C68-26EA-49B2-8FCC-A21DA50DE055}.Release|Any CPU.Build.0 = Release|Any CPU
		{CD2288C2-A64F-4E89-91C2-9AD5C3CED37B}.Debug|Any CPU.ActiveCfg = Debug|Any CPU
		{CD2288C2-A64F-4E89-91C2-9AD5C3CED37B}.Debug|Any CPU.Build.0 = Debug|Any CPU
		{CD2288C2-A64F-4E89-91C2-9AD5C3CED37B}.Release|Any CPU.ActiveCfg = Release|Any CPU
		{CD2288C2-A64F-4E89-91C2-9AD5C3CED37B}.Release|Any CPU.Build.0 = Release|Any CPU
	EndGlobalSection
	GlobalSection(SolutionProperties) = preSolution
		HideSolutionNode = FALSE
	EndGlobalSection
	GlobalSection(ExtensibilityGlobals) = postSolution
		SolutionGuid = {BB8B0710-E33A-4301-BD71-1BB2ED919D85}
	EndGlobalSection
EndGlobal
